
Microsoft Visual Studio Solution File, Format Version 12.00
# Visual Studio Version 16
VisualStudioVersion = 16.0.30907.101
MinimumVisualStudioVersion = 10.0.40219.1
Project("{FAE04EC0-301F-11D3-BF4B-00C04F79EFBC}") = "Bookstore.WebApi", "Bookstore.WebApi\Bookstore.WebApi.csproj", "{1D8CEE06-B8FA-4A7A-AADE-713FED754254}"
EndProject
Project("{FAE04EC0-301F-11D3-BF4B-00C04F79EFBC}") = "Bookstore.Core", "Bookstore.Core\Bookstore.Core.csproj", "{C45F85C8-58C1-41BA-90DC-28F2E0ED573E}"
EndProject
Global
	GlobalSection(SolutionConfigurationPlatforms) = preSolution
		Debug|Any CPU = Debug|Any CPU
		Release|Any CPU = Release|Any CPU
	EndGlobalSection
	GlobalSection(ProjectConfigurationPlatforms) = postSolution
		{1D8CEE06-B8FA-4A7A-AADE-713FED754254}.Debug|Any CPU.ActiveCfg = Debug|Any CPU
		{1D8CEE06-B8FA-4A7A-AADE-713FED754254}.Debug|Any CPU.Build.0 = Debug|Any CPU
		{1D8CEE06-B8FA-4A7A-AADE-713FED754254}.Release|Any CPU.ActiveCfg = Release|Any CPU
		{1D8CEE06-B8FA-4A7A-AADE-713FED754254}.Release|Any CPU.Build.0 = Release|Any CPU
		{C45F85C8-58C1-41BA-90DC-28F2E0ED573E}.Debug|Any CPU.ActiveCfg = Debug|Any CPU
		{C45F85C8-58C1-41BA-90DC-28F2E0ED573E}.Debug|Any CPU.Build.0 = Debug|Any CPU
		{C45F85C8-58C1-41BA-90DC-28F2E0ED573E}.Release|Any CPU.ActiveCfg = Release|Any CPU
		{C45F85C8-58C1-41BA-90DC-28F2E0ED573E}.Release|Any CPU.Build.0 = Release|Any CPU
	EndGlobalSection
	GlobalSection(SolutionProperties) = preSolution
		HideSolutionNode = FALSE
	EndGlobalSection
	GlobalSection(ExtensibilityGlobals) = postSolution
		SolutionGuid = {E58B8345-FF07-4843-8914-D091F4D4DFE8}
	EndGlobalSection
EndGlobal
